
Microsoft Visual Studio Solution File, Format Version 12.00
# Visual Studio 2012
Project("{FAE04EC0-301F-11D3-BF4B-00C04F79EFBC}") = "Lotto", "Lotto\Lotto.csproj", "{D78D8F9C-F216-4528-99A5-74DAF70B8662}"
EndProject
Global
	GlobalSection(SolutionConfigurationPlatforms) = preSolution
		Debug|Any CPU = Debug|Any CPU
		Release|Any CPU = Release|Any CPU
	EndGlobalSection
	GlobalSection(ProjectConfigurationPlatforms) = postSolution
		{D78D8F9C-F216-4528-99A5-74DAF70B8662}.Debug|Any CPU.ActiveCfg = Debug|Any CPU
		{D78D8F9C-F216-4528-99A5-74DAF70B8662}.Debug|Any CPU.Build.0 = Debug|Any CPU
		{D78D8F9C-F216-4528-99A5-74DAF70B8662}.Release|Any CPU.ActiveCfg = Release|Any CPU
		{D78D8F9C-F216-4528-99A5-74DAF70B8662}.Release|Any CPU.Build.0 = Release|Any CPU
	EndGlobalSection
	GlobalSection(SolutionProperties) = preSolution
		HideSolutionNode = FALSE
	EndGlobalSection
EndGlobal
