
Microsoft Visual Studio Solution File, Format Version 12.00
# Visual Studio 2013
VisualStudioVersion = 12.0.21005.1
MinimumVisualStudioVersion = 10.0.40219.1
Project("{FAE04EC0-301F-11D3-BF4B-00C04F79EFBC}") = "StringCalculator", "TDD_Kata_ StringCalculator\StringCalculator.csproj", "{81F43F94-9E3B-42E9-9477-EDBA14C492E2}"
EndProject
Project("{FAE04EC0-301F-11D3-BF4B-00C04F79EFBC}") = "StringCalculatorTests", "CalculatorTests\StringCalculatorTests.csproj", "{9514CC3E-3406-4D1C-B49E-3609FF4CEA8B}"
EndProject
Global
	GlobalSection(SolutionConfigurationPlatforms) = preSolution
		Debug|Any CPU = Debug|Any CPU
		Release|Any CPU = Release|Any CPU
	EndGlobalSection
	GlobalSection(ProjectConfigurationPlatforms) = postSolution
		{81F43F94-9E3B-42E9-9477-EDBA14C492E2}.Debug|Any CPU.ActiveCfg = Debug|Any CPU
		{81F43F94-9E3B-42E9-9477-EDBA14C492E2}.Debug|Any CPU.Build.0 = Debug|Any CPU
		{81F43F94-9E3B-42E9-9477-EDBA14C492E2}.Release|Any CPU.ActiveCfg = Release|Any CPU
		{81F43F94-9E3B-42E9-9477-EDBA14C492E2}.Release|Any CPU.Build.0 = Release|Any CPU
		{9514CC3E-3406-4D1C-B49E-3609FF4CEA8B}.Debug|Any CPU.ActiveCfg = Debug|Any CPU
		{9514CC3E-3406-4D1C-B49E-3609FF4CEA8B}.Debug|Any CPU.Build.0 = Debug|Any CPU
		{9514CC3E-3406-4D1C-B49E-3609FF4CEA8B}.Release|Any CPU.ActiveCfg = Release|Any CPU
		{9514CC3E-3406-4D1C-B49E-3609FF4CEA8B}.Release|Any CPU.Build.0 = Release|Any CPU
	EndGlobalSection
	GlobalSection(SolutionProperties) = preSolution
		HideSolutionNode = FALSE
	EndGlobalSection
EndGlobal
