
Microsoft Visual Studio Solution File, Format Version 12.00
# Visual Studio 2013
VisualStudioVersion = 12.0.21005.1
MinimumVisualStudioVersion = 10.0.40219.1
Project("{FAE04EC0-301F-11D3-BF4B-00C04F79EFBC}") = "WinFormsVersion", "WinFormsBlog2\WinFormsVersion.csproj", "{BC5C46BD-4E33-4226-AFE6-9729230BE60E}"
EndProject
Project("{FAE04EC0-301F-11D3-BF4B-00C04F79EFBC}") = "ConsoleVersion", "ConsoleVersion\ConsoleVersion.csproj", "{374FBC8B-9E63-4845-A65E-0FF7F6D60C25}"
EndProject
Project("{FAE04EC0-301F-11D3-BF4B-00C04F79EFBC}") = "ClassesInCommon", "ClassesInCommon\ClassesInCommon.csproj", "{3AEF5542-CFE7-419F-AC17-910EC5B08DB4}"
EndProject
Global
	GlobalSection(SolutionConfigurationPlatforms) = preSolution
		Debug|Any CPU = Debug|Any CPU
		Release|Any CPU = Release|Any CPU
	EndGlobalSection
	GlobalSection(ProjectConfigurationPlatforms) = postSolution
		{BC5C46BD-4E33-4226-AFE6-9729230BE60E}.Debug|Any CPU.ActiveCfg = Debug|Any CPU
		{BC5C46BD-4E33-4226-AFE6-9729230BE60E}.Debug|Any CPU.Build.0 = Debug|Any CPU
		{BC5C46BD-4E33-4226-AFE6-9729230BE60E}.Release|Any CPU.ActiveCfg = Release|Any CPU
		{BC5C46BD-4E33-4226-AFE6-9729230BE60E}.Release|Any CPU.Build.0 = Release|Any CPU
		{374FBC8B-9E63-4845-A65E-0FF7F6D60C25}.Debug|Any CPU.ActiveCfg = Debug|Any CPU
		{374FBC8B-9E63-4845-A65E-0FF7F6D60C25}.Debug|Any CPU.Build.0 = Debug|Any CPU
		{374FBC8B-9E63-4845-A65E-0FF7F6D60C25}.Release|Any CPU.ActiveCfg = Release|Any CPU
		{374FBC8B-9E63-4845-A65E-0FF7F6D60C25}.Release|Any CPU.Build.0 = Release|Any CPU
		{3AEF5542-CFE7-419F-AC17-910EC5B08DB4}.Debug|Any CPU.ActiveCfg = Debug|Any CPU
		{3AEF5542-CFE7-419F-AC17-910EC5B08DB4}.Debug|Any CPU.Build.0 = Debug|Any CPU
		{3AEF5542-CFE7-419F-AC17-910EC5B08DB4}.Release|Any CPU.ActiveCfg = Release|Any CPU
		{3AEF5542-CFE7-419F-AC17-910EC5B08DB4}.Release|Any CPU.Build.0 = Release|Any CPU
	EndGlobalSection
	GlobalSection(SolutionProperties) = preSolution
		HideSolutionNode = FALSE
	EndGlobalSection
EndGlobal
